
Microsoft Visual Studio Solution File, Format Version 12.00
# Visual Studio 15
VisualStudioVersion = 15.0.26430.14
MinimumVisualStudioVersion = 10.0.40219.1
Project("{FAE04EC0-301F-11D3-BF4B-00C04F79EFBC}") = "ArksLayer.Tweaker.Terminal", "ArksLayer.Tweaker.Terminal\ArksLayer.Tweaker.Terminal.csproj", "{AE734AA6-5314-47B9-A1BE-BF05CE4DBD9F}"
	ProjectSection(ProjectDependencies) = postProject
		{78B649C1-54FC-492D-AB96-503124912389} = {78B649C1-54FC-492D-AB96-503124912389}
	EndProjectSection
EndProject
Project("{F184B08F-C81C-45F6-A57F-5ABD9991F28F}") = "PSO2 Tweaker", "PSO2 Tweaker\PSO2 Tweaker.vbproj", "{E67DEEAD-7493-4C69-8F75-77CE05EA4024}"
	ProjectSection(ProjectDependencies) = postProject
		{78B649C1-54FC-492D-AB96-503124912389} = {78B649C1-54FC-492D-AB96-503124912389}
	EndProjectSection
EndProject
Project("{FAE04EC0-301F-11D3-BF4B-00C04F79EFBC}") = "ArksLayer.Tweaker.Abstractions", "ArksLayer.Tweaker.Abstractions\ArksLayer.Tweaker.Abstractions.csproj", "{88C68BBF-0A30-41E4-89B8-7956EFD0535E}"
EndProject
Project("{FAE04EC0-301F-11D3-BF4B-00C04F79EFBC}") = "ArksLayer.Tweaker.UpdateEngine", "ArksLayer.Tweaker.UpdateEngine\ArksLayer.Tweaker.UpdateEngine.csproj", "{78B649C1-54FC-492D-AB96-503124912389}"
	ProjectSection(ProjectDependencies) = postProject
		{88C68BBF-0A30-41E4-89B8-7956EFD0535E} = {88C68BBF-0A30-41E4-89B8-7956EFD0535E}
	EndProjectSection
EndProject
Global
	GlobalSection(SolutionConfigurationPlatforms) = preSolution
		Debug|Any CPU = Debug|Any CPU
		Debug|x86 = Debug|x86
		Release|Any CPU = Release|Any CPU
		Release|x86 = Release|x86
	EndGlobalSection
	GlobalSection(ProjectConfigurationPlatforms) = postSolution
		{AE734AA6-5314-47B9-A1BE-BF05CE4DBD9F}.Debug|Any CPU.ActiveCfg = Debug|Any CPU
		{AE734AA6-5314-47B9-A1BE-BF05CE4DBD9F}.Debug|Any CPU.Build.0 = Debug|Any CPU
		{AE734AA6-5314-47B9-A1BE-BF05CE4DBD9F}.Debug|x86.ActiveCfg = Debug|Any CPU
		{AE734AA6-5314-47B9-A1BE-BF05CE4DBD9F}.Debug|x86.Build.0 = Debug|Any CPU
		{AE734AA6-5314-47B9-A1BE-BF05CE4DBD9F}.Release|Any CPU.ActiveCfg = Release|Any CPU
		{AE734AA6-5314-47B9-A1BE-BF05CE4DBD9F}.Release|Any CPU.Build.0 = Release|Any CPU
		{AE734AA6-5314-47B9-A1BE-BF05CE4DBD9F}.Release|x86.ActiveCfg = Release|Any CPU
		{AE734AA6-5314-47B9-A1BE-BF05CE4DBD9F}.Release|x86.Build.0 = Release|Any CPU
		{E67DEEAD-7493-4C69-8F75-77CE05EA4024}.Debug|Any CPU.ActiveCfg = Debug|Any CPU
		{E67DEEAD-7493-4C69-8F75-77CE05EA4024}.Debug|Any CPU.Build.0 = Debug|Any CPU
		{E67DEEAD-7493-4C69-8F75-77CE05EA4024}.Debug|x86.ActiveCfg = Debug|x86
		{E67DEEAD-7493-4C69-8F75-77CE05EA4024}.Debug|x86.Build.0 = Debug|x86
		{E67DEEAD-7493-4C69-8F75-77CE05EA4024}.Release|Any CPU.ActiveCfg = Release|Any CPU
		{E67DEEAD-7493-4C69-8F75-77CE05EA4024}.Release|Any CPU.Build.0 = Release|Any CPU
		{E67DEEAD-7493-4C69-8F75-77CE05EA4024}.Release|x86.ActiveCfg = Release|x86
		{E67DEEAD-7493-4C69-8F75-77CE05EA4024}.Release|x86.Build.0 = Release|x86
		{88C68BBF-0A30-41E4-89B8-7956EFD0535E}.Debug|Any CPU.ActiveCfg = Debug|Any CPU
		{88C68BBF-0A30-41E4-89B8-7956EFD0535E}.Debug|Any CPU.Build.0 = Debug|Any CPU
		{88C68BBF-0A30-41E4-89B8-7956EFD0535E}.Debug|x86.ActiveCfg = Debug|Any CPU
		{88C68BBF-0A30-41E4-89B8-7956EFD0535E}.Debug|x86.Build.0 = Debug|Any CPU
		{88C68BBF-0A30-41E4-89B8-7956EFD0535E}.Release|Any CPU.ActiveCfg = Release|Any CPU
		{88C68BBF-0A30-41E4-89B8-7956EFD0535E}.Release|Any CPU.Build.0 = Release|Any CPU
		{88C68BBF-0A30-41E4-89B8-7956EFD0535E}.Release|x86.ActiveCfg = Release|Any CPU
		{88C68BBF-0A30-41E4-89B8-7956EFD0535E}.Release|x86.Build.0 = Release|Any CPU
		{78B649C1-54FC-492D-AB96-503124912389}.Debug|Any CPU.ActiveCfg = Debug|Any CPU
		{78B649C1-54FC-492D-AB96-503124912389}.Debug|Any CPU.Build.0 = Debug|Any CPU
		{78B649C1-54FC-492D-AB96-503124912389}.Debug|x86.ActiveCfg = Debug|Any CPU
		{78B649C1-54FC-492D-AB96-503124912389}.Debug|x86.Build.0 = Debug|Any CPU
		{78B649C1-54FC-492D-AB96-503124912389}.Release|Any CPU.ActiveCfg = Release|Any CPU
		{78B649C1-54FC-492D-AB96-503124912389}.Release|Any CPU.Build.0 = Release|Any CPU
		{78B649C1-54FC-492D-AB96-503124912389}.Release|x86.ActiveCfg = Release|Any CPU
		{78B649C1-54FC-492D-AB96-503124912389}.Release|x86.Build.0 = Release|Any CPU
	EndGlobalSection
	GlobalSection(SolutionProperties) = preSolution
		HideSolutionNode = FALSE
	EndGlobalSection
EndGlobal
